
Microsoft Visual Studio Solution File, Format Version 12.00
# Visual Studio 2012
# Ranorex Studio 10.7.0
VisualStudioVersion = 12.0.20827.3
MinimumVisualStudioVersion = 10.0.40219.1
Project("{FAE04EC0-301F-11D3-BF4B-00C04F79EFBC}") = "MyTest1", "MyTest1\MyTest1.csproj", "{4FFAAC18-1DF7-4D9F-BD1B-9DF67A26424A}"
EndProject
Project("{2150E333-8FDC-42A3-9474-1A3956D46DE8}") = "Solution Items", "Solution Items", "{730D842B-D96E-4A96-B57D-06912B0E7E29}"
	ProjectSection(SolutionItems) = postProject
		Ranorex = .\Ranorex.rxsettings
	EndProjectSection
EndProject
Global
	GlobalSection(SolutionConfigurationPlatforms) = preSolution
		Debug|x86 = Debug|x86
		Release|x86 = Release|x86
	EndGlobalSection
	GlobalSection(ProjectConfigurationPlatforms) = postSolution
		{4FFAAC18-1DF7-4D9F-BD1B-9DF67A26424A}.Debug|x86.Build.0 = Debug|x86
		{4FFAAC18-1DF7-4D9F-BD1B-9DF67A26424A}.Debug|x86.ActiveCfg = Debug|x86
		{4FFAAC18-1DF7-4D9F-BD1B-9DF67A26424A}.Release|x86.Build.0 = Release|x86
		{4FFAAC18-1DF7-4D9F-BD1B-9DF67A26424A}.Release|x86.ActiveCfg = Release|x86
	EndGlobalSection
EndGlobal
